
Microsoft Visual Studio Solution File, Format Version 12.00
# Visual Studio 11
Project("{FAE04EC0-301F-11D3-BF4B-00C04F79EFBC}") = "NoelBlogReader", "NoelBlogReader\NoelBlogReader.csproj", "{C0A234A4-F2AB-4A82-AF65-AB0828CED706}"
EndProject
Global
	GlobalSection(SolutionConfigurationPlatforms) = preSolution
		Debug|ARM = Debug|ARM
		Debug|Any CPU = Debug|Any CPU
		Debug|x64 = Debug|x64
		Debug|x86 = Debug|x86
		Release|ARM = Release|ARM
		Release|Any CPU = Release|Any CPU
		Release|x64 = Release|x64
		Release|x86 = Release|x86
	EndGlobalSection
	GlobalSection(ProjectConfigurationPlatforms) = postSolution
		{C0A234A4-F2AB-4A82-AF65-AB0828CED706}.Debug|ARM.ActiveCfg = Debug|ARM
		{C0A234A4-F2AB-4A82-AF65-AB0828CED706}.Debug|ARM.Build.0 = Debug|ARM
		{C0A234A4-F2AB-4A82-AF65-AB0828CED706}.Debug|ARM.Deploy.0 = Debug|ARM
		{C0A234A4-F2AB-4A82-AF65-AB0828CED706}.Debug|Any CPU.ActiveCfg = Debug|Any CPU
		{C0A234A4-F2AB-4A82-AF65-AB0828CED706}.Debug|Any CPU.Build.0 = Debug|Any CPU
		{C0A234A4-F2AB-4A82-AF65-AB0828CED706}.Debug|Any CPU.Deploy.0 = Debug|Any CPU
		{C0A234A4-F2AB-4A82-AF65-AB0828CED706}.Debug|x64.ActiveCfg = Debug|x64
		{C0A234A4-F2AB-4A82-AF65-AB0828CED706}.Debug|x64.Build.0 = Debug|x64
		{C0A234A4-F2AB-4A82-AF65-AB0828CED706}.Debug|x64.Deploy.0 = Debug|x64
		{C0A234A4-F2AB-4A82-AF65-AB0828CED706}.Debug|x86.ActiveCfg = Debug|x86
		{C0A234A4-F2AB-4A82-AF65-AB0828CED706}.Debug|x86.Build.0 = Debug|x86
		{C0A234A4-F2AB-4A82-AF65-AB0828CED706}.Debug|x86.Deploy.0 = Debug|x86
		{C0A234A4-F2AB-4A82-AF65-AB0828CED706}.Release|ARM.ActiveCfg = Release|ARM
		{C0A234A4-F2AB-4A82-AF65-AB0828CED706}.Release|ARM.Build.0 = Release|ARM
		{C0A234A4-F2AB-4A82-AF65-AB0828CED706}.Release|ARM.Deploy.0 = Release|ARM
		{C0A234A4-F2AB-4A82-AF65-AB0828CED706}.Release|Any CPU.ActiveCfg = Release|Any CPU
		{C0A234A4-F2AB-4A82-AF65-AB0828CED706}.Release|Any CPU.Build.0 = Release|Any CPU
		{C0A234A4-F2AB-4A82-AF65-AB0828CED706}.Release|Any CPU.Deploy.0 = Release|Any CPU
		{C0A234A4-F2AB-4A82-AF65-AB0828CED706}.Release|x64.ActiveCfg = Release|x64
		{C0A234A4-F2AB-4A82-AF65-AB0828CED706}.Release|x64.Build.0 = Release|x64
		{C0A234A4-F2AB-4A82-AF65-AB0828CED706}.Release|x64.Deploy.0 = Release|x64
		{C0A234A4-F2AB-4A82-AF65-AB0828CED706}.Release|x86.ActiveCfg = Release|x86
		{C0A234A4-F2AB-4A82-AF65-AB0828CED706}.Release|x86.Build.0 = Release|x86
		{C0A234A4-F2AB-4A82-AF65-AB0828CED706}.Release|x86.Deploy.0 = Release|x86
	EndGlobalSection
	GlobalSection(SolutionProperties) = preSolution
		HideSolutionNode = FALSE
	EndGlobalSection
EndGlobal
